
Microsoft Visual Studio Solution File, Format Version 12.00
# Visual Studio Version 17
VisualStudioVersion = 17.5.33627.172
MinimumVisualStudioVersion = 10.0.40219.1
Project("{FAE04EC0-301F-11D3-BF4B-00C04F79EFBC}") = "calc", "calc.csproj", "{F8C2A202-9E28-4468-8D2A-BC197CE36C55}"
EndProject
Global
	GlobalSection(SolutionConfigurationPlatforms) = preSolution
		Debug|Any CPU = Debug|Any CPU
		Release|Any CPU = Release|Any CPU
	EndGlobalSection
	GlobalSection(ProjectConfigurationPlatforms) = postSolution
		{F8C2A202-9E28-4468-8D2A-BC197CE36C55}.Debug|Any CPU.ActiveCfg = Debug|Any CPU
		{F8C2A202-9E28-4468-8D2A-BC197CE36C55}.Debug|Any CPU.Build.0 = Debug|Any CPU
		{F8C2A202-9E28-4468-8D2A-BC197CE36C55}.Release|Any CPU.ActiveCfg = Release|Any CPU
		{F8C2A202-9E28-4468-8D2A-BC197CE36C55}.Release|Any CPU.Build.0 = Release|Any CPU
	EndGlobalSection
	GlobalSection(SolutionProperties) = preSolution
		HideSolutionNode = FALSE
	EndGlobalSection
	GlobalSection(ExtensibilityGlobals) = postSolution
		SolutionGuid = {914124DC-893C-49FC-8E76-19D589E5DB6E}
	EndGlobalSection
EndGlobal
